
Microsoft Visual Studio Solution File, Format Version 12.00
# Visual Studio 15
VisualStudioVersion = 15.0.28307.168
MinimumVisualStudioVersion = 10.0.40219.1
Project("{FAE04EC0-301F-11D3-BF4B-00C04F79EFBC}") = "SignalRSandbox", "SignalRSandbox\SignalRSandbox.csproj", "{01DD04B3-0ABC-4CA4-B2A1-DDC0CE2BF99C}"
EndProject
Global
	GlobalSection(SolutionConfigurationPlatforms) = preSolution
		Debug|Any CPU = Debug|Any CPU
		Release|Any CPU = Release|Any CPU
	EndGlobalSection
	GlobalSection(ProjectConfigurationPlatforms) = postSolution
		{01DD04B3-0ABC-4CA4-B2A1-DDC0CE2BF99C}.Debug|Any CPU.ActiveCfg = Debug|Any CPU
		{01DD04B3-0ABC-4CA4-B2A1-DDC0CE2BF99C}.Debug|Any CPU.Build.0 = Debug|Any CPU
		{01DD04B3-0ABC-4CA4-B2A1-DDC0CE2BF99C}.Release|Any CPU.ActiveCfg = Release|Any CPU
		{01DD04B3-0ABC-4CA4-B2A1-DDC0CE2BF99C}.Release|Any CPU.Build.0 = Release|Any CPU
	EndGlobalSection
	GlobalSection(SolutionProperties) = preSolution
		HideSolutionNode = FALSE
	EndGlobalSection
	GlobalSection(ExtensibilityGlobals) = postSolution
		SolutionGuid = {A38437DC-E5D7-4CC0-9D8C-6AE4EA8CF313}
	EndGlobalSection
EndGlobal
